
Microsoft Visual Studio Solution File, Format Version 12.00
# Visual Studio Version 17
VisualStudioVersion = 17.2.32616.157
MinimumVisualStudioVersion = 10.0.40219.1
Project("{FAE04EC0-301F-11D3-BF4B-00C04F79EFBC}") = "IPlatoCodeChallenge", "IPlatoCodeChallenge\IPlatoCodeChallenge.csproj", "{084A1927-3134-40F2-B313-5377D172D70C}"
EndProject
Project("{FAE04EC0-301F-11D3-BF4B-00C04F79EFBC}") = "IPlatoTests", "IPlatoTests\IPlatoTests.csproj", "{2ECD4473-DC58-4A01-BF42-D1ACF5681CFB}"
EndProject
Global
	GlobalSection(SolutionConfigurationPlatforms) = preSolution
		Debug|Any CPU = Debug|Any CPU
		Release|Any CPU = Release|Any CPU
	EndGlobalSection
	GlobalSection(ProjectConfigurationPlatforms) = postSolution
		{084A1927-3134-40F2-B313-5377D172D70C}.Debug|Any CPU.ActiveCfg = Debug|Any CPU
		{084A1927-3134-40F2-B313-5377D172D70C}.Debug|Any CPU.Build.0 = Debug|Any CPU
		{084A1927-3134-40F2-B313-5377D172D70C}.Release|Any CPU.ActiveCfg = Release|Any CPU
		{084A1927-3134-40F2-B313-5377D172D70C}.Release|Any CPU.Build.0 = Release|Any CPU
		{2ECD4473-DC58-4A01-BF42-D1ACF5681CFB}.Debug|Any CPU.ActiveCfg = Debug|Any CPU
		{2ECD4473-DC58-4A01-BF42-D1ACF5681CFB}.Debug|Any CPU.Build.0 = Debug|Any CPU
		{2ECD4473-DC58-4A01-BF42-D1ACF5681CFB}.Release|Any CPU.ActiveCfg = Release|Any CPU
		{2ECD4473-DC58-4A01-BF42-D1ACF5681CFB}.Release|Any CPU.Build.0 = Release|Any CPU
	EndGlobalSection
	GlobalSection(SolutionProperties) = preSolution
		HideSolutionNode = FALSE
	EndGlobalSection
	GlobalSection(ExtensibilityGlobals) = postSolution
		SolutionGuid = {0468FAAF-A778-448B-BA1D-F3FBA301B2BE}
	EndGlobalSection
EndGlobal
